{
  "object": {
    "pins": [
      {
        "package": "URLImage",
        "repositoryURL": "https://github.com/dmytro-anokhin/url-image",
        "state": {
          "branch": null,
          "revision": "1c8bde2cc4bcd2fc93e71cef8e1cd5f58267cf31",
          "version": "2.1.0"
        }
      }
    ]
  },
  "version": 1
}
